// !$*UTF8*$!
{
	archiveVersion = 1;
	classes = {
	};
	objectVersion = 48;
	objects = {

/* Begin PBXBuildFile section */
		2A17037B1FC9D52000CA222D /* WidgetContent.swift in Sources */ = {isa = PBXBuildFile; fileRef = 2A17037A1FC9D52000CA222D /* WidgetContent.swift */; };
		2A17037D1FC9D6CB00CA222D /* SettingViewController.swift in Sources */ = {isa = PBXBuildFile; fileRef = 2A17037C1FC9D6CB00CA222D /* SettingViewController.swift */; };
		2A17037F1FC9F63100CA222D /* GoogleService-Info.plist in Resources */ = {isa = PBXBuildFile; fileRef = 2A17037E1FC9F63000CA222D /* GoogleService-Info.plist */; };
		2A35A96A1FCA6CD400CCC0FD /* Word.swift in Sources */ = {isa = PBXBuildFile; fileRef = 2A8D54AC1FC30FF000208DFC /* Word.swift */; };
		2A35A96C1FCA6EFF00CCC0FD /* DataManager.swift in Sources */ = {isa = PBXBuildFile; fileRef = 2A8D54AE1FC3103000208DFC /* DataManager.swift */; };
		2A7177F71FE3BB7E006B818B /* View+Extension.swift in Sources */ = {isa = PBXBuildFile; fileRef = 2A7177F61FE3BB7E006B818B /* View+Extension.swift */; };
		2A8D54851FC30E9300208DFC /* AppDelegate.swift in Sources */ = {isa = PBXBuildFile; fileRef = 2A8D54841FC30E9300208DFC /* AppDelegate.swift */; };
		2A8D54871FC30E9300208DFC /* DetailViewController.swift in Sources */ = {isa = PBXBuildFile; fileRef = 2A8D54861FC30E9300208DFC /* DetailViewController.swift */; };
		2A8D548A1FC30E9300208DFC /* Main.storyboard in Resources */ = {isa = PBXBuildFile; fileRef = 2A8D54881FC30E9300208DFC /* Main.storyboard */; };
		2A8D548C1FC30E9300208DFC /* Assets.xcassets in Resources */ = {isa = PBXBuildFile; fileRef = 2A8D548B1FC30E9300208DFC /* Assets.xcassets */; };
		2A8D548F1FC30E9300208DFC /* LaunchScreen.storyboard in Resources */ = {isa = PBXBuildFile; fileRef = 2A8D548D1FC30E9300208DFC /* LaunchScreen.storyboard */; };
		2A8D549D1FC30EE100208DFC /* NotificationCenter.framework in Frameworks */ = {isa = PBXBuildFile; fileRef = 2A8D549C1FC30EE100208DFC /* NotificationCenter.framework */; };
		2A8D54A01FC30EE200208DFC /* TodayViewController.swift in Sources */ = {isa = PBXBuildFile; fileRef = 2A8D549F1FC30EE200208DFC /* TodayViewController.swift */; };
		2A8D54A31FC30EE200208DFC /* MainInterface.storyboard in Resources */ = {isa = PBXBuildFile; fileRef = 2A8D54A11FC30EE200208DFC /* MainInterface.storyboard */; };
		2A8D54A71FC30EE200208DFC /* FrenchTodayWidget.appex in Embed App Extensions */ = {isa = PBXBuildFile; fileRef = 2A8D549A1FC30EE100208DFC /* FrenchTodayWidget.appex */; settings = {ATTRIBUTES = (RemoveHeadersOnCopy, ); }; };
		6EDF9FDB914DEDE4CD922FEA /* Pods_FrenchToday.framework in Frameworks */ = {isa = PBXBuildFile; fileRef = 5981093C232EDBBFA9C72617 /* Pods_FrenchToday.framework */; };
		D876134931FC286A52373234 /* Pods_FrenchTodayWidget.framework in Frameworks */ = {isa = PBXBuildFile; fileRef = 1A4610495B229273DD30CE70 /* Pods_FrenchTodayWidget.framework */; };
/* End PBXBuildFile section */

/* Begin PBXContainerItemProxy section */
		2A8D54A51FC30EE200208DFC /* PBXContainerItemProxy */ = {
			isa = PBXContainerItemProxy;
			containerPortal = 2A8D54791FC30E9300208DFC /* Project object */;
			proxyType = 1;
			remoteGlobalIDString = 2A8D54991FC30EE100208DFC;
			remoteInfo = FrenchTodayWidget;
		};
/* End PBXContainerItemProxy section */

/* Begin PBXCopyFilesBuildPhase section */
		2A8D54AB1FC30EE200208DFC /* Embed App Extensions */ = {
			isa = PBXCopyFilesBuildPhase;
			buildActionMask = 2147483647;
			dstPath = "";
			dstSubfolderSpec = 13;
			files = (
				2A8D54A71FC30EE200208DFC /* FrenchTodayWidget.appex in Embed App Extensions */,
			);
			name = "Embed App Extensions";
			runOnlyForDeploymentPostprocessing = 0;
		};
/* End PBXCopyFilesBuildPhase section */

/* Begin PBXFileReference section */
		1A4610495B229273DD30CE70 /* Pods_FrenchTodayWidget.framework */ = {isa = PBXFileReference; explicitFileType = wrapper.framework; includeInIndex = 0; path = Pods_FrenchTodayWidget.framework; sourceTree = BUILT_PRODUCTS_DIR; };
		1AEFBBB2F11ECAE3F9777CC5 /* Pods-FrenchTodayWidget.release.xcconfig */ = {isa = PBXFileReference; includeInIndex = 1; lastKnownFileType = text.xcconfig; name = "Pods-FrenchTodayWidget.release.xcconfig"; path = "Pods/Target Support Files/Pods-FrenchTodayWidget/Pods-FrenchTodayWidget.release.xcconfig"; sourceTree = "<group>"; };
		2418A572766ACCC8A53E821D /* Pods-FrenchToday.debug.xcconfig */ = {isa = PBXFileReference; includeInIndex = 1; lastKnownFileType = text.xcconfig; name = "Pods-FrenchToday.debug.xcconfig"; path = "Pods/Target Support Files/Pods-FrenchToday/Pods-FrenchToday.debug.xcconfig"; sourceTree = "<group>"; };
		2A17037A1FC9D52000CA222D /* WidgetContent.swift */ = {isa = PBXFileReference; lastKnownFileType = sourcecode.swift; path = WidgetContent.swift; sourceTree = "<group>"; };
		2A17037C1FC9D6CB00CA222D /* SettingViewController.swift */ = {isa = PBXFileReference; lastKnownFileType = sourcecode.swift; path = SettingViewController.swift; sourceTree = "<group>"; };
		2A17037E1FC9F63000CA222D /* GoogleService-Info.plist */ = {isa = PBXFileReference; fileEncoding = 4; lastKnownFileType = text.plist.xml; path = "GoogleService-Info.plist"; sourceTree = "<group>"; };
		2A35A9671FCA696700CCC0FD /* FrenchToday.entitlements */ = {isa = PBXFileReference; lastKnownFileType = text.plist.entitlements; path = FrenchToday.entitlements; sourceTree = "<group>"; };
		2A35A9681FCA69B900CCC0FD /* FrenchTodayWidget.entitlements */ = {isa = PBXFileReference; lastKnownFileType = text.plist.entitlements; path = FrenchTodayWidget.entitlements; sourceTree = "<group>"; };
		2A7177F61FE3BB7E006B818B /* View+Extension.swift */ = {isa = PBXFileReference; lastKnownFileType = sourcecode.swift; path = "View+Extension.swift"; sourceTree = "<group>"; };
		2A8D54811FC30E9300208DFC /* FrenchToday.app */ = {isa = PBXFileReference; explicitFileType = wrapper.application; includeInIndex = 0; path = FrenchToday.app; sourceTree = BUILT_PRODUCTS_DIR; };
		2A8D54841FC30E9300208DFC /* AppDelegate.swift */ = {isa = PBXFileReference; lastKnownFileType = sourcecode.swift; path = AppDelegate.swift; sourceTree = "<group>"; };
		2A8D54861FC30E9300208DFC /* DetailViewController.swift */ = {isa = PBXFileReference; lastKnownFileType = sourcecode.swift; path = DetailViewController.swift; sourceTree = "<group>"; };
		2A8D54891FC30E9300208DFC /* Base */ = {isa = PBXFileReference; lastKnownFileType = file.storyboard; name = Base; path = Base.lproj/Main.storyboard; sourceTree = "<group>"; };
		2A8D548B1FC30E9300208DFC /* Assets.xcassets */ = {isa = PBXFileReference; lastKnownFileType = folder.assetcatalog; path = Assets.xcassets; sourceTree = "<group>"; };
		2A8D548E1FC30E9300208DFC /* Base */ = {isa = PBXFileReference; lastKnownFileType = file.storyboard; name = Base; path = Base.lproj/LaunchScreen.storyboard; sourceTree = "<group>"; };
		2A8D54901FC30E9300208DFC /* Info.plist */ = {isa = PBXFileReference; lastKnownFileType = text.plist.xml; path = Info.plist; sourceTree = "<group>"; };
		2A8D549A1FC30EE100208DFC /* FrenchTodayWidget.appex */ = {isa = PBXFileReference; explicitFileType = "wrapper.app-extension"; includeInIndex = 0; path = FrenchTodayWidget.appex; sourceTree = BUILT_PRODUCTS_DIR; };
		2A8D549C1FC30EE100208DFC /* NotificationCenter.framework */ = {isa = PBXFileReference; lastKnownFileType = wrapper.framework; name = NotificationCenter.framework; path = System/Library/Frameworks/NotificationCenter.framework; sourceTree = SDKROOT; };
		2A8D549F1FC30EE200208DFC /* TodayViewController.swift */ = {isa = PBXFileReference; lastKnownFileType = sourcecode.swift; path = TodayViewController.swift; sourceTree = "<group>"; };
		2A8D54A21FC30EE200208DFC /* Base */ = {isa = PBXFileReference; lastKnownFileType = file.storyboard; name = Base; path = Base.lproj/MainInterface.storyboard; sourceTree = "<group>"; };
		2A8D54A41FC30EE200208DFC /* Info.plist */ = {isa = PBXFileReference; lastKnownFileType = text.plist.xml; path = Info.plist; sourceTree = "<group>"; };
		2A8D54AC1FC30FF000208DFC /* Word.swift */ = {isa = PBXFileReference; lastKnownFileType = sourcecode.swift; path = Word.swift; sourceTree = "<group>"; };
		2A8D54AE1FC3103000208DFC /* DataManager.swift */ = {isa = PBXFileReference; lastKnownFileType = sourcecode.swift; path = DataManager.swift; sourceTree = "<group>"; };
		5981093C232EDBBFA9C72617 /* Pods_FrenchToday.framework */ = {isa = PBXFileReference; explicitFileType = wrapper.framework; includeInIndex = 0; path = Pods_FrenchToday.framework; sourceTree = BUILT_PRODUCTS_DIR; };
		9D63A00367842362685EB218 /* Pods-FrenchToday.release.xcconfig */ = {isa = PBXFileReference; includeInIndex = 1; lastKnownFileType = text.xcconfig; name = "Pods-FrenchToday.release.xcconfig"; path = "Pods/Target Support Files/Pods-FrenchToday/Pods-FrenchToday.release.xcconfig"; sourceTree = "<group>"; };
		FEAF6A9DC0270F346E9D4C48 /* Pods-FrenchTodayWidget.debug.xcconfig */ = {isa = PBXFileReference; includeInIndex = 1; lastKnownFileType = text.xcconfig; name = "Pods-FrenchTodayWidget.debug.xcconfig"; path = "Pods/Target Support Files/Pods-FrenchTodayWidget/Pods-FrenchTodayWidget.debug.xcconfig"; sourceTree = "<group>"; };
/* End PBXFileReference section */

/* Begin PBXFrameworksBuildPhase section */
		2A8D547E1FC30E9300208DFC /* Frameworks */ = {
			isa = PBXFrameworksBuildPhase;
			buildActionMask = 2147483647;
			files = (
				6EDF9FDB914DEDE4CD922FEA /* Pods_FrenchToday.framework in Frameworks */,
			);
			runOnlyForDeploymentPostprocessing = 0;
		};
		2A8D54971FC30EE100208DFC /* Frameworks */ = {
			isa = PBXFrameworksBuildPhase;
			buildActionMask = 2147483647;
			files = (
				2A8D549D1FC30EE100208DFC /* NotificationCenter.framework in Frameworks */,
				D876134931FC286A52373234 /* Pods_FrenchTodayWidget.framework in Frameworks */,
			);
			runOnlyForDeploymentPostprocessing = 0;
		};
/* End PBXFrameworksBuildPhase section */

/* Begin PBXGroup section */
		053E8D7DFDB847870E9E7620 /* Pods */ = {
			isa = PBXGroup;
			children = (
				2418A572766ACCC8A53E821D /* Pods-FrenchToday.debug.xcconfig */,
				9D63A00367842362685EB218 /* Pods-FrenchToday.release.xcconfig */,
				FEAF6A9DC0270F346E9D4C48 /* Pods-FrenchTodayWidget.debug.xcconfig */,
				1AEFBBB2F11ECAE3F9777CC5 /* Pods-FrenchTodayWidget.release.xcconfig */,
			);
			name = Pods;
			sourceTree = "<group>";
		};
		2A8D54781FC30E9300208DFC = {
			isa = PBXGroup;
			children = (
				2A8D54831FC30E9300208DFC /* FrenchToday */,
				2A8D549E1FC30EE200208DFC /* FrenchTodayWidget */,
				2A8D549B1FC30EE100208DFC /* Frameworks */,
				2A8D54821FC30E9300208DFC /* Products */,
				053E8D7DFDB847870E9E7620 /* Pods */,
			);
			sourceTree = "<group>";
		};
		2A8D54821FC30E9300208DFC /* Products */ = {
			isa = PBXGroup;
			children = (
				2A8D54811FC30E9300208DFC /* FrenchToday.app */,
				2A8D549A1FC30EE100208DFC /* FrenchTodayWidget.appex */,
			);
			name = Products;
			sourceTree = "<group>";
		};
		2A8D54831FC30E9300208DFC /* FrenchToday */ = {
			isa = PBXGroup;
			children = (
				2A35A9671FCA696700CCC0FD /* FrenchToday.entitlements */,
				2A17037E1FC9F63000CA222D /* GoogleService-Info.plist */,
				2A8D54841FC30E9300208DFC /* AppDelegate.swift */,
				2A8D54AE1FC3103000208DFC /* DataManager.swift */,
				2A8D54AC1FC30FF000208DFC /* Word.swift */,
				2A8D54861FC30E9300208DFC /* DetailViewController.swift */,
				2A17037C1FC9D6CB00CA222D /* SettingViewController.swift */,
				2A8D54881FC30E9300208DFC /* Main.storyboard */,
				2A8D548B1FC30E9300208DFC /* Assets.xcassets */,
				2A8D548D1FC30E9300208DFC /* LaunchScreen.storyboard */,
				2A8D54901FC30E9300208DFC /* Info.plist */,
				2A7177F61FE3BB7E006B818B /* View+Extension.swift */,
			);
			path = FrenchToday;
			sourceTree = "<group>";
		};
		2A8D549B1FC30EE100208DFC /* Frameworks */ = {
			isa = PBXGroup;
			children = (
				2A8D549C1FC30EE100208DFC /* NotificationCenter.framework */,
				5981093C232EDBBFA9C72617 /* Pods_FrenchToday.framework */,
				1A4610495B229273DD30CE70 /* Pods_FrenchTodayWidget.framework */,
			);
			name = Frameworks;
			sourceTree = "<group>";
		};
		2A8D549E1FC30EE200208DFC /* FrenchTodayWidget */ = {
			isa = PBXGroup;
			children = (
				2A35A9681FCA69B900CCC0FD /* FrenchTodayWidget.entitlements */,
				2A8D549F1FC30EE200208DFC /* TodayViewController.swift */,
				2A8D54A11FC30EE200208DFC /* MainInterface.storyboard */,
				2A8D54A41FC30EE200208DFC /* Info.plist */,
				2A17037A1FC9D52000CA222D /* WidgetContent.swift */,
			);
			path = FrenchTodayWidget;
			sourceTree = "<group>";
		};
/* End PBXGroup section */

/* Begin PBXNativeTarget section */
		2A8D54801FC30E9300208DFC /* FrenchToday */ = {
			isa = PBXNativeTarget;
			buildConfigurationList = 2A8D54931FC30E9300208DFC /* Build configuration list for PBXNativeTarget "FrenchToday" */;
			buildPhases = (
				FB4A118F9F44E6F06042F10C /* [CP] Check Pods Manifest.lock */,
				2A8D547D1FC30E9300208DFC /* Sources */,
				2A8D547E1FC30E9300208DFC /* Frameworks */,
				2A8D547F1FC30E9300208DFC /* Resources */,
				2A8D54AB1FC30EE200208DFC /* Embed App Extensions */,
				D8D006F5B77B4E2B89FCDB4E /* [CP] Embed Pods Frameworks */,
				DFE031E591230B166BAA46F9 /* [CP] Copy Pods Resources */,
			);
			buildRules = (
			);
			dependencies = (
				2A8D54A61FC30EE200208DFC /* PBXTargetDependency */,
			);
			name = FrenchToday;
			productName = FrenchToday;
			productReference = 2A8D54811FC30E9300208DFC /* FrenchToday.app */;
			productType = "com.apple.product-type.application";
		};
		2A8D54991FC30EE100208DFC /* FrenchTodayWidget */ = {
			isa = PBXNativeTarget;
			buildConfigurationList = 2A8D54A81FC30EE200208DFC /* Build configuration list for PBXNativeTarget "FrenchTodayWidget" */;
			buildPhases = (
				7720DBFB114CEE5EA26CE63B /* [CP] Check Pods Manifest.lock */,
				2A8D54961FC30EE100208DFC /* Sources */,
				2A8D54971FC30EE100208DFC /* Frameworks */,
				2A8D54981FC30EE100208DFC /* Resources */,
				9404DB4CC14FAFB9B896B977 /* [CP] Copy Pods Resources */,
				2A37FB031FD3E80500020B9A /* ShellScript */,
			);
			buildRules = (
			);
			dependencies = (
			);
			name = FrenchTodayWidget;
			productName = FrenchTodayWidget;
			productReference = 2A8D549A1FC30EE100208DFC /* FrenchTodayWidget.appex */;
			productType = "com.apple.product-type.app-extension";
		};
/* End PBXNativeTarget section */

/* Begin PBXProject section */
		2A8D54791FC30E9300208DFC /* Project object */ = {
			isa = PBXProject;
			attributes = {
				LastSwiftUpdateCheck = 0910;
				LastUpgradeCheck = 0910;
				ORGANIZATIONNAME = "Nguyen Bui An Trung";
				TargetAttributes = {
					2A8D54801FC30E9300208DFC = {
						CreatedOnToolsVersion = 9.1;
						ProvisioningStyle = Automatic;
						SystemCapabilities = {
							com.apple.ApplicationGroups.iOS = {
								enabled = 1;
							};
							com.apple.BackgroundModes = {
								enabled = 1;
							};
						};
					};
					2A8D54991FC30EE100208DFC = {
						CreatedOnToolsVersion = 9.1;
						ProvisioningStyle = Automatic;
						SystemCapabilities = {
							com.apple.ApplicationGroups.iOS = {
								enabled = 1;
							};
						};
					};
				};
			};
			buildConfigurationList = 2A8D547C1FC30E9300208DFC /* Build configuration list for PBXProject "FrenchToday" */;
			compatibilityVersion = "Xcode 8.0";
			developmentRegion = en;
			hasScannedForEncodings = 0;
			knownRegions = (
				en,
				Base,
			);
			mainGroup = 2A8D54781FC30E9300208DFC;
			productRefGroup = 2A8D54821FC30E9300208DFC /* Products */;
			projectDirPath = "";
			projectRoot = "";
			targets = (
				2A8D54801FC30E9300208DFC /* FrenchToday */,
				2A8D54991FC30EE100208DFC /* FrenchTodayWidget */,
			);
		};
/* End PBXProject section */

/* Begin PBXResourcesBuildPhase section */
		2A8D547F1FC30E9300208DFC /* Resources */ = {
			isa = PBXResourcesBuildPhase;
			buildActionMask = 2147483647;
			files = (
				2A8D548F1FC30E9300208DFC /* LaunchScreen.storyboard in Resources */,
				2A17037F1FC9F63100CA222D /* GoogleService-Info.plist in Resources */,
				2A8D548C1FC30E9300208DFC /* Assets.xcassets in Resources */,
				2A8D548A1FC30E9300208DFC /* Main.storyboard in Resources */,
			);
			runOnlyForDeploymentPostprocessing = 0;
		};
		2A8D54981FC30EE100208DFC /* Resources */ = {
			isa = PBXResourcesBuildPhase;
			buildActionMask = 2147483647;
			files = (
				2A8D54A31FC30EE200208DFC /* MainInterface.storyboard in Resources */,
			);
			runOnlyForDeploymentPostprocessing = 0;
		};
/* End PBXResourcesBuildPhase section */

/* Begin PBXShellScriptBuildPhase section */
		2A37FB031FD3E80500020B9A /* ShellScript */ = {
			isa = PBXShellScriptBuildPhase;
			buildActionMask = 2147483647;
			files = (
			);
			inputPaths = (
			);
			outputPaths = (
			);
			runOnlyForDeploymentPostprocessing = 0;
			shellPath = /bin/sh;
			shellScript = "\"${PODS_ROOT}/Fabric/run\"";
		};
		7720DBFB114CEE5EA26CE63B /* [CP] Check Pods Manifest.lock */ = {
			isa = PBXShellScriptBuildPhase;
			buildActionMask = 2147483647;
			files = (
			);
			inputPaths = (
				"${PODS_PODFILE_DIR_PATH}/Podfile.lock",
				"${PODS_ROOT}/Manifest.lock",
			);
			name = "[CP] Check Pods Manifest.lock";
			outputPaths = (
				"$(DERIVED_FILE_DIR)/Pods-FrenchTodayWidget-checkManifestLockResult.txt",
			);
			runOnlyForDeploymentPostprocessing = 0;
			shellPath = /bin/sh;
			shellScript = "diff \"${PODS_PODFILE_DIR_PATH}/Podfile.lock\" \"${PODS_ROOT}/Manifest.lock\" > /dev/null\nif [ $? != 0 ] ; then\n    # print error to STDERR\n    echo \"error: The sandbox is not in sync with the Podfile.lock. Run 'pod install' or update your CocoaPods installation.\" >&2\n    exit 1\nfi\n# This output is used by Xcode 'outputs' to avoid re-running this script phase.\necho \"SUCCESS\" > \"${SCRIPT_OUTPUT_FILE_0}\"\n";
			showEnvVarsInLog = 0;
		};
		9404DB4CC14FAFB9B896B977 /* [CP] Copy Pods Resources */ = {
			isa = PBXShellScriptBuildPhase;
			buildActionMask = 2147483647;
			files = (
			);
			inputPaths = (
			);
			name = "[CP] Copy Pods Resources";
			outputPaths = (
			);
			runOnlyForDeploymentPostprocessing = 0;
			shellPath = /bin/sh;
			shellScript = "\"${SRCROOT}/Pods/Target Support Files/Pods-FrenchTodayWidget/Pods-FrenchTodayWidget-resources.sh\"\n";
			showEnvVarsInLog = 0;
		};
		D8D006F5B77B4E2B89FCDB4E /* [CP] Embed Pods Frameworks */ = {
			isa = PBXShellScriptBuildPhase;
			buildActionMask = 2147483647;
			files = (
			);
			inputPaths = (
				"${SRCROOT}/Pods/Target Support Files/Pods-FrenchToday/Pods-FrenchToday-frameworks.sh",
				"${BUILT_PRODUCTS_DIR}/BoringSSL/openssl.framework",
				"${BUILT_PRODUCTS_DIR}/GTMSessionFetcher/GTMSessionFetcher.framework",
				"${BUILT_PRODUCTS_DIR}/GoogleToolboxForMac/GoogleToolboxForMac.framework",
				"${BUILT_PRODUCTS_DIR}/Protobuf/Protobuf.framework",
				"${BUILT_PRODUCTS_DIR}/gRPC/GRPCClient.framework",
				"${BUILT_PRODUCTS_DIR}/gRPC-Core/grpc.framework",
				"${BUILT_PRODUCTS_DIR}/gRPC-ProtoRPC/ProtoRPC.framework",
				"${BUILT_PRODUCTS_DIR}/gRPC-RxLibrary/RxLibrary.framework",
				"${BUILT_PRODUCTS_DIR}/leveldb-library/leveldb.framework",
				"${BUILT_PRODUCTS_DIR}/nanopb/nanopb.framework",
			);
			name = "[CP] Embed Pods Frameworks";
			outputPaths = (
				"${TARGET_BUILD_DIR}/${FRAMEWORKS_FOLDER_PATH}/openssl.framework",
				"${TARGET_BUILD_DIR}/${FRAMEWORKS_FOLDER_PATH}/GTMSessionFetcher.framework",
				"${TARGET_BUILD_DIR}/${FRAMEWORKS_FOLDER_PATH}/GoogleToolboxForMac.framework",
				"${TARGET_BUILD_DIR}/${FRAMEWORKS_FOLDER_PATH}/Protobuf.framework",
				"${TARGET_BUILD_DIR}/${FRAMEWORKS_FOLDER_PATH}/GRPCClient.framework",
				"${TARGET_BUILD_DIR}/${FRAMEWORKS_FOLDER_PATH}/grpc.framework",
				"${TARGET_BUILD_DIR}/${FRAMEWORKS_FOLDER_PATH}/ProtoRPC.framework",
				"${TARGET_BUILD_DIR}/${FRAMEWORKS_FOLDER_PATH}/RxLibrary.framework",
				"${TARGET_BUILD_DIR}/${FRAMEWORKS_FOLDER_PATH}/leveldb.framework",
				"${TARGET_BUILD_DIR}/${FRAMEWORKS_FOLDER_PATH}/nanopb.framework",
			);
			runOnlyForDeploymentPostprocessing = 0;
			shellPath = /bin/sh;
			shellScript = "\"${SRCROOT}/Pods/Target Support Files/Pods-FrenchToday/Pods-FrenchToday-frameworks.sh\"\n";
			showEnvVarsInLog = 0;
		};
		DFE031E591230B166BAA46F9 /* [CP] Copy Pods Resources */ = {
			isa = PBXShellScriptBuildPhase;
			buildActionMask = 2147483647;
			files = (
			);
			inputPaths = (
			);
			name = "[CP] Copy Pods Resources";
			outputPaths = (
			);
			runOnlyForDeploymentPostprocessing = 0;
			shellPath = /bin/sh;
			shellScript = "\"${SRCROOT}/Pods/Target Support Files/Pods-FrenchToday/Pods-FrenchToday-resources.sh\"\n";
			showEnvVarsInLog = 0;
		};
		FB4A118F9F44E6F06042F10C /* [CP] Check Pods Manifest.lock */ = {
			isa = PBXShellScriptBuildPhase;
			buildActionMask = 2147483647;
			files = (
			);
			inputPaths = (
				"${PODS_PODFILE_DIR_PATH}/Podfile.lock",
				"${PODS_ROOT}/Manifest.lock",
			);
			name = "[CP] Check Pods Manifest.lock";
			outputPaths = (
				"$(DERIVED_FILE_DIR)/Pods-FrenchToday-checkManifestLockResult.txt",
			);
			runOnlyForDeploymentPostprocessing = 0;
			shellPath = /bin/sh;
			shellScript = "diff \"${PODS_PODFILE_DIR_PATH}/Podfile.lock\" \"${PODS_ROOT}/Manifest.lock\" > /dev/null\nif [ $? != 0 ] ; then\n    # print error to STDERR\n    echo \"error: The sandbox is not in sync with the Podfile.lock. Run 'pod install' or update your CocoaPods installation.\" >&2\n    exit 1\nfi\n# This output is used by Xcode 'outputs' to avoid re-running this script phase.\necho \"SUCCESS\" > \"${SCRIPT_OUTPUT_FILE_0}\"\n";
			showEnvVarsInLog = 0;
		};
/* End PBXShellScriptBuildPhase section */

/* Begin PBXSourcesBuildPhase section */
		2A8D547D1FC30E9300208DFC /* Sources */ = {
			isa = PBXSourcesBuildPhase;
			buildActionMask = 2147483647;
			files = (
				2A8D54871FC30E9300208DFC /* DetailViewController.swift in Sources */,
				2A35A96C1FCA6EFF00CCC0FD /* DataManager.swift in Sources */,
				2A35A96A1FCA6CD400CCC0FD /* Word.swift in Sources */,
				2A8D54851FC30E9300208DFC /* AppDelegate.swift in Sources */,
				2A7177F71FE3BB7E006B818B /* View+Extension.swift in Sources */,
				2A17037D1FC9D6CB00CA222D /* SettingViewController.swift in Sources */,
			);
			runOnlyForDeploymentPostprocessing = 0;
		};
		2A8D54961FC30EE100208DFC /* Sources */ = {
			isa = PBXSourcesBuildPhase;
			buildActionMask = 2147483647;
			files = (
				2A8D54A01FC30EE200208DFC /* TodayViewController.swift in Sources */,
				2A17037B1FC9D52000CA222D /* WidgetContent.swift in Sources */,
			);
			runOnlyForDeploymentPostprocessing = 0;
		};
/* End PBXSourcesBuildPhase section */

/* Begin PBXTargetDependency section */
		2A8D54A61FC30EE200208DFC /* PBXTargetDependency */ = {
			isa = PBXTargetDependency;
			target = 2A8D54991FC30EE100208DFC /* FrenchTodayWidget */;
			targetProxy = 2A8D54A51FC30EE200208DFC /* PBXContainerItemProxy */;
		};
/* End PBXTargetDependency section */

/* Begin PBXVariantGroup section */
		2A8D54881FC30E9300208DFC /* Main.storyboard */ = {
			isa = PBXVariantGroup;
			children = (
				2A8D54891FC30E9300208DFC /* Base */,
			);
			name = Main.storyboard;
			sourceTree = "<group>";
		};
		2A8D548D1FC30E9300208DFC /* LaunchScreen.storyboard */ = {
			isa = PBXVariantGroup;
			children = (
				2A8D548E1FC30E9300208DFC /* Base */,
			);
			name = LaunchScreen.storyboard;
			sourceTree = "<group>";
		};
		2A8D54A11FC30EE200208DFC /* MainInterface.storyboard */ = {
			isa = PBXVariantGroup;
			children = (
				2A8D54A21FC30EE200208DFC /* Base */,
			);
			name = MainInterface.storyboard;
			sourceTree = "<group>";
		};
/* End PBXVariantGroup section */

/* Begin XCBuildConfiguration section */
		2A8D54911FC30E9300208DFC /* Debug */ = {
			isa = XCBuildConfiguration;
			buildSettings = {
				ALWAYS_SEARCH_USER_PATHS = NO;
				CLANG_ANALYZER_NONNULL = YES;
				CLANG_ANALYZER_NUMBER_OBJECT_CONVERSION = YES_AGGRESSIVE;
				CLANG_CXX_LANGUAGE_STANDARD = "gnu++14";
				CLANG_CXX_LIBRARY = "libc++";
				CLANG_ENABLE_MODULES = YES;
				CLANG_ENABLE_OBJC_ARC = YES;
				CLANG_WARN_BLOCK_CAPTURE_AUTORELEASING = YES;
				CLANG_WARN_BOOL_CONVERSION = YES;
				CLANG_WARN_COMMA = YES;
				CLANG_WARN_CONSTANT_CONVERSION = YES;
				CLANG_WARN_DIRECT_OBJC_ISA_USAGE = YES_ERROR;
				CLANG_WARN_DOCUMENTATION_COMMENTS = YES;
				CLANG_WARN_EMPTY_BODY = YES;
				CLANG_WARN_ENUM_CONVERSION = YES;
				CLANG_WARN_INFINITE_RECURSION = YES;
				CLANG_WARN_INT_CONVERSION = YES;
				CLANG_WARN_NON_LITERAL_NULL_CONVERSION = YES;
				CLANG_WARN_OBJC_LITERAL_CONVERSION = YES;
				CLANG_WARN_OBJC_ROOT_CLASS = YES_ERROR;
				CLANG_WARN_RANGE_LOOP_ANALYSIS = YES;
				CLANG_WARN_STRICT_PROTOTYPES = YES;
				CLANG_WARN_SUSPICIOUS_MOVE = YES;
				CLANG_WARN_UNGUARDED_AVAILABILITY = YES_AGGRESSIVE;
				CLANG_WARN_UNREACHABLE_CODE = YES;
				CLANG_WARN__DUPLICATE_METHOD_MATCH = YES;
				CODE_SIGN_IDENTITY = "iPhone Developer";
				COPY_PHASE_STRIP = NO;
				DEBUG_INFORMATION_FORMAT = dwarf;
				ENABLE_STRICT_OBJC_MSGSEND = YES;
				ENABLE_TESTABILITY = YES;
				GCC_C_LANGUAGE_STANDARD = gnu11;
				GCC_DYNAMIC_NO_PIC = NO;
				GCC_NO_COMMON_BLOCKS = YES;
				GCC_OPTIMIZATION_LEVEL = 0;
				GCC_PREPROCESSOR_DEFINITIONS = (
					"DEBUG=1",
					"$(inherited)",
				);
				GCC_WARN_64_TO_32_BIT_CONVERSION = YES;
				GCC_WARN_ABOUT_RETURN_TYPE = YES_ERROR;
				GCC_WARN_UNDECLARED_SELECTOR = YES;
				GCC_WARN_UNINITIALIZED_AUTOS = YES_AGGRESSIVE;
				GCC_WARN_UNUSED_FUNCTION = YES;
				GCC_WARN_UNUSED_VARIABLE = YES;
				IPHONEOS_DEPLOYMENT_TARGET = 11.1;
				MTL_ENABLE_DEBUG_INFO = YES;
				ONLY_ACTIVE_ARCH = YES;
				SDKROOT = iphoneos;
				SWIFT_ACTIVE_COMPILATION_CONDITIONS = DEBUG;
				SWIFT_OPTIMIZATION_LEVEL = "-Onone";
			};
			name = Debug;
		};
		2A8D54921FC30E9300208DFC /* Release */ = {
			isa = XCBuildConfiguration;
			buildSettings = {
				ALWAYS_SEARCH_USER_PATHS = NO;
				CLANG_ANALYZER_NONNULL = YES;
				CLANG_ANALYZER_NUMBER_OBJECT_CONVERSION = YES_AGGRESSIVE;
				CLANG_CXX_LANGUAGE_STANDARD = "gnu++14";
				CLANG_CXX_LIBRARY = "libc++";
				CLANG_ENABLE_MODULES = YES;
				CLANG_ENABLE_OBJC_ARC = YES;
				CLANG_WARN_BLOCK_CAPTURE_AUTORELEASING = YES;
				CLANG_WARN_BOOL_CONVERSION = YES;
				CLANG_WARN_COMMA = YES;
				CLANG_WARN_CONSTANT_CONVERSION = YES;
				CLANG_WARN_DIRECT_OBJC_ISA_USAGE = YES_ERROR;
				CLANG_WARN_DOCUMENTATION_COMMENTS = YES;
				CLANG_WARN_EMPTY_BODY = YES;
				CLANG_WARN_ENUM_CONVERSION = YES;
				CLANG_WARN_INFINITE_RECURSION = YES;
				CLANG_WARN_INT_CONVERSION = YES;
				CLANG_WARN_NON_LITERAL_NULL_CONVERSION = YES;
				CLANG_WARN_OBJC_LITERAL_CONVERSION = YES;
				CLANG_WARN_OBJC_ROOT_CLASS = YES_ERROR;
				CLANG_WARN_RANGE_LOOP_ANALYSIS = YES;
				CLANG_WARN_STRICT_PROTOTYPES = YES;
				CLANG_WARN_SUSPICIOUS_MOVE = YES;
				CLANG_WARN_UNGUARDED_AVAILABILITY = YES_AGGRESSIVE;
				CLANG_WARN_UNREACHABLE_CODE = YES;
				CLANG_WARN__DUPLICATE_METHOD_MATCH = YES;
				CODE_SIGN_IDENTITY = "iPhone Developer";
				COPY_PHASE_STRIP = NO;
				DEBUG_INFORMATION_FORMAT = "dwarf-with-dsym";
				ENABLE_NS_ASSERTIONS = NO;
				ENABLE_STRICT_OBJC_MSGSEND = YES;
				GCC_C_LANGUAGE_STANDARD = gnu11;
				GCC_NO_COMMON_BLOCKS = YES;
				GCC_WARN_64_TO_32_BIT_CONVERSION = YES;
				GCC_WARN_ABOUT_RETURN_TYPE = YES_ERROR;
				GCC_WARN_UNDECLARED_SELECTOR = YES;
				GCC_WARN_UNINITIALIZED_AUTOS = YES_AGGRESSIVE;
				GCC_WARN_UNUSED_FUNCTION = YES;
				GCC_WARN_UNUSED_VARIABLE = YES;
				IPHONEOS_DEPLOYMENT_TARGET = 11.1;
				MTL_ENABLE_DEBUG_INFO = NO;
				SDKROOT = iphoneos;
				SWIFT_OPTIMIZATION_LEVEL = "-Owholemodule";
				VALIDATE_PRODUCT = YES;
			};
			name = Release;
		};
		2A8D54941FC30E9300208DFC /* Debug */ = {
			isa = XCBuildConfiguration;
			baseConfigurationReference = 2418A572766ACCC8A53E821D /* Pods-FrenchToday.debug.xcconfig */;
			buildSettings = {
				ALWAYS_EMBED_SWIFT_STANDARD_LIBRARIES = YES;
				ASSETCATALOG_COMPILER_APPICON_NAME = AppIcon;
				CODE_SIGN_ENTITLEMENTS = FrenchToday/FrenchToday.entitlements;
				CODE_SIGN_STYLE = Automatic;
				DEVELOPMENT_TEAM = VBEVMP5SLB;
				INFOPLIST_FILE = FrenchToday/Info.plist;
				IPHONEOS_DEPLOYMENT_TARGET = 9.3;
				LD_RUNPATH_SEARCH_PATHS = "$(inherited) @executable_path/Frameworks";
				PRODUCT_BUNDLE_IDENTIFIER = xyz.trungnba.inspireme;
				PRODUCT_NAME = "$(TARGET_NAME)";
				SWIFT_VERSION = 4.0;
				TARGETED_DEVICE_FAMILY = 1;
			};
			name = Debug;
		};
		2A8D54951FC30E9300208DFC /* Release */ = {
			isa = XCBuildConfiguration;
			baseConfigurationReference = 9D63A00367842362685EB218 /* Pods-FrenchToday.release.xcconfig */;
			buildSettings = {
				ALWAYS_EMBED_SWIFT_STANDARD_LIBRARIES = YES;
				ASSETCATALOG_COMPILER_APPICON_NAME = AppIcon;
				CODE_SIGN_ENTITLEMENTS = FrenchToday/FrenchToday.entitlements;
				CODE_SIGN_STYLE = Automatic;
				DEVELOPMENT_TEAM = VBEVMP5SLB;
				INFOPLIST_FILE = FrenchToday/Info.plist;
				IPHONEOS_DEPLOYMENT_TARGET = 9.3;
				LD_RUNPATH_SEARCH_PATHS = "$(inherited) @executable_path/Frameworks";
				PRODUCT_BUNDLE_IDENTIFIER = xyz.trungnba.inspireme;
				PRODUCT_NAME = "$(TARGET_NAME)";
				SWIFT_VERSION = 4.0;
				TARGETED_DEVICE_FAMILY = 1;
			};
			name = Release;
		};
		2A8D54A91FC30EE200208DFC /* Debug */ = {
			isa = XCBuildConfiguration;
			baseConfigurationReference = FEAF6A9DC0270F346E9D4C48 /* Pods-FrenchTodayWidget.debug.xcconfig */;
			buildSettings = {
				CODE_SIGN_ENTITLEMENTS = FrenchTodayWidget/FrenchTodayWidget.entitlements;
				CODE_SIGN_STYLE = Automatic;
				DEVELOPMENT_TEAM = VBEVMP5SLB;
				INFOPLIST_FILE = FrenchTodayWidget/Info.plist;
				LD_RUNPATH_SEARCH_PATHS = "$(inherited) @executable_path/Frameworks @executable_path/../../Frameworks";
				PRODUCT_BUNDLE_IDENTIFIER = xyz.trungnba.inspireme.InspireMeWidget;
				PRODUCT_NAME = "$(TARGET_NAME)";
				SKIP_INSTALL = YES;
				SWIFT_VERSION = 4.0;
				TARGETED_DEVICE_FAMILY = "1,2";
			};
			name = Debug;
		};
		2A8D54AA1FC30EE200208DFC /* Release */ = {
			isa = XCBuildConfiguration;
			baseConfigurationReference = 1AEFBBB2F11ECAE3F9777CC5 /* Pods-FrenchTodayWidget.release.xcconfig */;
			buildSettings = {
				CODE_SIGN_ENTITLEMENTS = FrenchTodayWidget/FrenchTodayWidget.entitlements;
				CODE_SIGN_STYLE = Automatic;
				DEVELOPMENT_TEAM = VBEVMP5SLB;
				INFOPLIST_FILE = FrenchTodayWidget/Info.plist;
				LD_RUNPATH_SEARCH_PATHS = "$(inherited) @executable_path/Frameworks @executable_path/../../Frameworks";
				PRODUCT_BUNDLE_IDENTIFIER = xyz.trungnba.inspireme.InspireMeWidget;
				PRODUCT_NAME = "$(TARGET_NAME)";
				SKIP_INSTALL = YES;
				SWIFT_VERSION = 4.0;
				TARGETED_DEVICE_FAMILY = "1,2";
			};
			name = Release;
		};
/* End XCBuildConfiguration section */

/* Begin XCConfigurationList section */
		2A8D547C1FC30E9300208DFC /* Build configuration list for PBXProject "FrenchToday" */ = {
			isa = XCConfigurationList;
			buildConfigurations = (
				2A8D54911FC30E9300208DFC /* Debug */,
				2A8D54921FC30E9300208DFC /* Release */,
			);
			defaultConfigurationIsVisible = 0;
			defaultConfigurationName = Release;
		};
		2A8D54931FC30E9300208DFC /* Build configuration list for PBXNativeTarget "FrenchToday" */ = {
			isa = XCConfigurationList;
			buildConfigurations = (
				2A8D54941FC30E9300208DFC /* Debug */,
				2A8D54951FC30E9300208DFC /* Release */,
			);
			defaultConfigurationIsVisible = 0;
			defaultConfigurationName = Release;
		};
		2A8D54A81FC30EE200208DFC /* Build configuration list for PBXNativeTarget "FrenchTodayWidget" */ = {
			isa = XCConfigurationList;
			buildConfigurations = (
				2A8D54A91FC30EE200208DFC /* Debug */,
				2A8D54AA1FC30EE200208DFC /* Release */,
			);
			defaultConfigurationIsVisible = 0;
			defaultConfigurationName = Release;
		};
/* End XCConfigurationList section */
	};
	rootObject = 2A8D54791FC30E9300208DFC /* Project object */;
}
